# This file is automatically @generated by Cargo.
# It is not intended for manual editing.
version = 4

[[package]]
name = "asmodeus-cli"
version = "0.1.0"
dependencies = [
 "asmodeus-common",
 "asmodeus-crypto",
 "asmodeus-dsl",
]

[[package]]
name = "asmodeus-common"
version = "0.1.0"

[[package]]
name = "asmodeus-control-plane"
version = "0.1.0"
dependencies = [
 "asmodeus-common",
 "asmodeus-crypto",
 "asmodeus-dsl",
 "asmodeus-proto",
 "asmodeus-telemetry",
]

[[package]]
name = "asmodeus-crypto"
version = "0.1.0"
dependencies = [
 "asmodeus-common",
]

[[package]]
name = "asmodeus-dsl"
version = "0.1.0"
dependencies = [
 "asmodeus-common",
]

[[package]]
name = "asmodeus-proto"
version = "0.1.0"
dependencies = [
 "asmodeus-common",
]

[[package]]
name = "asmodeus-runner"
version = "0.1.0"
dependencies = [
 "asmodeus-common",
 "asmodeus-crypto",
 "asmodeus-dsl",
 "asmodeus-proto",
 "asmodeus-safety",
]

[[package]]
name = "asmodeus-safety"
version = "0.1.0"
dependencies = [
 "asmodeus-common",
]

[[package]]
name = "asmodeus-telemetry"
version = "0.1.0"
dependencies = [
 "asmodeus-common",
]

[[package]]
name = "asmodeus-testkit"
version = "0.1.0"
dependencies = [
 "asmodeus-common",
 "asmodeus-dsl",
]
